PODS:
  - GoogleMaps (8.3.0):
    - GoogleMaps/Maps (= 8.3.0)
  - GoogleMaps/Base (8.3.0)
  - GoogleMaps/Maps (8.3.0):
    - GoogleMaps/Base
  - GooglePlaces (8.3.0)

DEPENDENCIES:
  - GoogleMaps (= 8.3.0)
  - GooglePlaces

SPEC REPOS:
  trunk:
    - GoogleMaps
    - GooglePlaces

SPEC CHECKSUMS:
  GoogleMaps: 54762190c9741867d03e4e4218672ab5a0a8096b
  GooglePlaces: b922e192c50994436900ef14d19f84971950250b

PODFILE CHECKSUM: 0ea2dea5399fc39eec75c236adcfd129e4651dfe

COCOAPODS: 1.14.2
